{
    "version": 3,
    "terraform_version": "0.11.1",
    "serial": 2,
    "lineage": "3f71eaf4-0f2d-4296-8caa-056af42a25fc",
    "modules": [
        {
            "path": [
                "root"
            ],
            "outputs": {},
            "resources": {
                "aws_iam_role.lambda": {
                    "type": "aws_iam_role",
                    "depends_on": [
                        "data.aws_iam_policy_document.lambda-assume-role"
                    ],
                    "primary": {
                        "id": "nangelovaGreeterRoleTF",
                        "attributes": {
                            "arn": "arn:aws:iam::301581146302:role/nangelovaGreeterRoleTF",
                            "assume_role_policy": "{\"Version\":\"2012-10-17\",\"Statement\":[{\"Sid\":\"\",\"Effect\":\"Allow\",\"Principal\":{\"Service\":\"lambda.amazonaws.com\"},\"Action\":\"sts:AssumeRole\"}]}",
                            "create_date": "2017-12-20T14:40:30Z",
                            "force_detach_policies": "false",
                            "id": "nangelovaGreeterRoleTF",
                            "name": "nangelovaGreeterRoleTF",
                            "path": "/",
                            "unique_id": "AROAJQR64QZCBSQ54IOYC"
                        },
                        "meta": {},
                        "tainted": false
                    },
                    "deposed": [],
                    "provider": "provider.aws"
                },
                "aws_iam_role_policy.lambda-cloudwatch-log-group": {
                    "type": "aws_iam_role_policy",
                    "depends_on": [
                        "aws_iam_role.lambda",
                        "data.aws_iam_policy_document.cloudwatch-log-group-lambda"
                    ],
                    "primary": {
                        "id": "nangelovaGreeterRoleTF:kzonov-cloudwatch-log-group",
                        "attributes": {
                            "id": "nangelovaGreeterRoleTF:kzonov-cloudwatch-log-group",
                            "name": "kzonov-cloudwatch-log-group",
                            "policy": "{\n  \"Version\": \"2012-10-17\",\n  \"Statement\": [\n    {\n      \"Sid\": \"\",\n      \"Effect\": \"Allow\",\n      \"Action\": [\n        \"logs:PutLogEvents\",\n        \"logs:CreateLogStream\",\n        \"logs:CreateLogGroup\"\n      ],\n      \"Resource\": \"arn:aws:logs:::*\"\n    }\n  ]\n}",
                            "role": "nangelovaGreeterRoleTF"
                        },
                        "meta": {},
                        "tainted": false
                    },
                    "deposed": [],
                    "provider": "provider.aws"
                },
                "aws_lambda_function.greeter-lambda": {
                    "type": "aws_lambda_function",
                    "depends_on": [
                        "aws_iam_role.lambda",
                        "data.archive_file.lambda"
                    ],
                    "primary": {
                        "id": "nangelovaGreeterLambdaTF",
                        "attributes": {
                            "arn": "arn:aws:lambda:eu-west-1:301581146302:function:nangelovaGreeterLambdaTF",
                            "dead_letter_config.#": "0",
                            "description": "",
                            "environment.#": "0",
                            "filename": "lambda.zip",
                            "function_name": "nangelovaGreeterLambdaTF",
                            "handler": "lambda.handler",
                            "id": "nangelovaGreeterLambdaTF",
                            "invoke_arn": "arn:aws:apigateway:eu-west-1:lambda:path/2015-03-31/functions/arn:aws:lambda:eu-west-1:301581146302:function:nangelovaGreeterLambdaTF/invocations",
                            "kms_key_arn": "",
                            "last_modified": "2017-12-20T14:40:47.932+0000",
                            "memory_size": "128",
                            "publish": "false",
                            "qualified_arn": "arn:aws:lambda:eu-west-1:301581146302:function:nangelovaGreeterLambdaTF:$LATEST",
                            "reserved_concurrent_executions": "0",
                            "role": "arn:aws:iam::301581146302:role/nangelovaGreeterRoleTF",
                            "runtime": "nodejs6.10",
                            "source_code_hash": "ouRU3Ww/hFRrSwZewrMTkZ8RFBPEwD4qufKk53Xrn+c=",
                            "tags.%": "0",
                            "timeout": "3",
                            "tracing_config.#": "1",
                            "tracing_config.0.mode": "PassThrough",
                            "version": "$LATEST",
                            "vpc_config.#": "0"
                        },
                        "meta": {},
                        "tainted": false
                    },
                    "deposed": [],
                    "provider": "provider.aws"
                },
                "data.archive_file.lambda": {
                    "type": "archive_file",
                    "depends_on": [],
                    "primary": {
                        "id": "6eb98546a61d82696fd1f1f27a9d556161199a6d",
                        "attributes": {
                            "id": "6eb98546a61d82696fd1f1f27a9d556161199a6d",
                            "output_base64sha256": "ouRU3Ww/hFRrSwZewrMTkZ8RFBPEwD4qufKk53Xrn+c=",
                            "output_md5": "f22a26a5b8d7ebd1b2bc8b71e35f9be2",
                            "output_path": "lambda.zip",
                            "output_sha": "6eb98546a61d82696fd1f1f27a9d556161199a6d",
                            "output_size": "242",
                            "source.#": "0",
                            "source_file": "lambda.js",
                            "type": "zip"
                        },
                        "meta": {},
                        "tainted": false
                    },
                    "deposed": [],
                    "provider": "provider.archive"
                },
                "data.aws_iam_policy_document.cloudwatch-log-group-lambda": {
                    "type": "aws_iam_policy_document",
                    "depends_on": [],
                    "primary": {
                        "id": "1951873016",
                        "attributes": {
                            "id": "1951873016",
                            "json": "{\n  \"Version\": \"2012-10-17\",\n  \"Statement\": [\n    {\n      \"Sid\": \"\",\n      \"Effect\": \"Allow\",\n      \"Action\": [\n        \"logs:PutLogEvents\",\n        \"logs:CreateLogStream\",\n        \"logs:CreateLogGroup\"\n      ],\n      \"Resource\": \"arn:aws:logs:::*\"\n    }\n  ]\n}",
                            "statement.#": "1",
                            "statement.0.actions.#": "3",
                            "statement.0.actions.2809485102": "logs:CreateLogGroup",
                            "statement.0.actions.3285979848": "logs:CreateLogStream",
                            "statement.0.actions.39743051": "logs:PutLogEvents",
                            "statement.0.condition.#": "0",
                            "statement.0.effect": "Allow",
                            "statement.0.not_actions.#": "0",
                            "statement.0.not_principals.#": "0",
                            "statement.0.not_resources.#": "0",
                            "statement.0.principals.#": "0",
                            "statement.0.resources.#": "1",
                            "statement.0.resources.3686811035": "arn:aws:logs:::*",
                            "statement.0.sid": ""
                        },
                        "meta": {},
                        "tainted": false
                    },
                    "deposed": [],
                    "provider": "provider.aws"
                },
                "data.aws_iam_policy_document.lambda-assume-role": {
                    "type": "aws_iam_policy_document",
                    "depends_on": [],
                    "primary": {
                        "id": "3693445097",
                        "attributes": {
                            "id": "3693445097",
                            "json": "{\n  \"Version\": \"2012-10-17\",\n  \"Statement\": [\n    {\n      \"Sid\": \"\",\n      \"Effect\": \"Allow\",\n      \"Action\": \"sts:AssumeRole\",\n      \"Principal\": {\n        \"Service\": \"lambda.amazonaws.com\"\n      }\n    }\n  ]\n}",
                            "statement.#": "1",
                            "statement.0.actions.#": "1",
                            "statement.0.actions.2528466339": "sts:AssumeRole",
                            "statement.0.condition.#": "0",
                            "statement.0.effect": "Allow",
                            "statement.0.not_actions.#": "0",
                            "statement.0.not_principals.#": "0",
                            "statement.0.not_resources.#": "0",
                            "statement.0.principals.#": "1",
                            "statement.0.principals.3118762561.identifiers.#": "1",
                            "statement.0.principals.3118762561.identifiers.2638019528": "lambda.amazonaws.com",
                            "statement.0.principals.3118762561.type": "Service",
                            "statement.0.resources.#": "0",
                            "statement.0.sid": ""
                        },
                        "meta": {},
                        "tainted": false
                    },
                    "deposed": [],
                    "provider": "provider.aws"
                }
            },
            "depends_on": []
        }
    ]
}
